
Microsoft Visual Studio Solution File, Format Version 12.00
# Visual Studio Version 17
VisualStudioVersion = 17.9.34701.34
MinimumVisualStudioVersion = 10.0.40219.1
Project("{9A19103F-16F7-4668-BE54-9A1E7A4F7556}") = "Security Webapp", "Security Webapp\Security Webapp.csproj", "{733C1F1B-6D58-4C9E-9F58-B2C6F05882ED}"
EndProject
Project("{2150E333-8FDC-42A3-9474-1A3956D46DE8}") = "Data", "Data", "{3439C550-A3FC-4593-B138-C99CE5A18318}"
	ProjectSection(SolutionItems) = preProject
		Class1.cs = Class1.cs
	EndProjectSection
EndProject
Global
	GlobalSection(SolutionConfigurationPlatforms) = preSolution
		Debug|Any CPU = Debug|Any CPU
		Release|Any CPU = Release|Any CPU
	EndGlobalSection
	GlobalSection(ProjectConfigurationPlatforms) = postSolution
		{733C1F1B-6D58-4C9E-9F58-B2C6F05882ED}.Debug|Any CPU.ActiveCfg = Debug|Any CPU
		{733C1F1B-6D58-4C9E-9F58-B2C6F05882ED}.Debug|Any CPU.Build.0 = Debug|Any CPU
		{733C1F1B-6D58-4C9E-9F58-B2C6F05882ED}.Release|Any CPU.ActiveCfg = Release|Any CPU
		{733C1F1B-6D58-4C9E-9F58-B2C6F05882ED}.Release|Any CPU.Build.0 = Release|Any CPU
	EndGlobalSection
	GlobalSection(SolutionProperties) = preSolution
		HideSolutionNode = FALSE
	EndGlobalSection
	GlobalSection(ExtensibilityGlobals) = postSolution
		SolutionGuid = {796F885C-6373-4528-8BFF-205833E50D89}
	EndGlobalSection
EndGlobal
